
Microsoft Visual Studio Solution File, Format Version 12.00
# Visual Studio Version 16
VisualStudioVersion = 16.0.29911.84
MinimumVisualStudioVersion = 10.0.40219.1
Project("{FAE04EC0-301F-11D3-BF4B-00C04F79EFBC}") = "Flowerhorn_Hornet", "Flowerhorn_Hornet\Flowerhorn_Hornet.csproj", "{6AC54976-4D33-4153-B46E-1D4ED38AE9E5}"
EndProject
Global
	GlobalSection(SolutionConfigurationPlatforms) = preSolution
		Debug|Any CPU = Debug|Any CPU
		Release|Any CPU = Release|Any CPU
	EndGlobalSection
	GlobalSection(ProjectConfigurationPlatforms) = postSolution
		{6AC54976-4D33-4153-B46E-1D4ED38AE9E5}.Debug|Any CPU.ActiveCfg = Debug|Any CPU
		{6AC54976-4D33-4153-B46E-1D4ED38AE9E5}.Debug|Any CPU.Build.0 = Debug|Any CPU
		{6AC54976-4D33-4153-B46E-1D4ED38AE9E5}.Release|Any CPU.ActiveCfg = Release|Any CPU
		{6AC54976-4D33-4153-B46E-1D4ED38AE9E5}.Release|Any CPU.Build.0 = Release|Any CPU
	EndGlobalSection
	GlobalSection(SolutionProperties) = preSolution
		HideSolutionNode = FALSE
	EndGlobalSection
	GlobalSection(ExtensibilityGlobals) = postSolution
		SolutionGuid = {A7074EA8-30C1-41D4-8862-301828148EB0}
	EndGlobalSection
EndGlobal
